
Microsoft Visual Studio Solution File, Format Version 12.00
# Visual Studio 15
VisualStudioVersion = 15.0.26730.15
MinimumVisualStudioVersion = 10.0.40219.1
Project("{FAE04EC0-301F-11D3-BF4B-00C04F79EFBC}") = "HostsFix", "HostsFix\HostsFix.csproj", "{E88CBC4F-CC45-4C0A-9631-B0A078BA4B9A}"
EndProject
Project("{FAE04EC0-301F-11D3-BF4B-00C04F79EFBC}") = "HostsFixWin", "HostsFixWin\HostsFixWin.csproj", "{76366216-440A-4938-911C-6144BF9E6A98}"
EndProject
Project("{FAE04EC0-301F-11D3-BF4B-00C04F79EFBC}") = "Sentinela", "HostsWatcher\Sentinela.csproj", "{4B7B557D-2EAD-422A-A30C-921B63286315}"
EndProject
Project("{FAE04EC0-301F-11D3-BF4B-00C04F79EFBC}") = "DataLayer", "DataLayer\DataLayer.csproj", "{992DEDC6-0698-452A-BA89-D2F71E3BB4CB}"
EndProject
Global
	GlobalSection(SolutionConfigurationPlatforms) = preSolution
		Debug|Any CPU = Debug|Any CPU
		Release|Any CPU = Release|Any CPU
	EndGlobalSection
	GlobalSection(ProjectConfigurationPlatforms) = postSolution
		{E88CBC4F-CC45-4C0A-9631-B0A078BA4B9A}.Debug|Any CPU.ActiveCfg = Debug|Any CPU
		{E88CBC4F-CC45-4C0A-9631-B0A078BA4B9A}.Debug|Any CPU.Build.0 = Debug|Any CPU
		{E88CBC4F-CC45-4C0A-9631-B0A078BA4B9A}.Release|Any CPU.ActiveCfg = Release|Any CPU
		{E88CBC4F-CC45-4C0A-9631-B0A078BA4B9A}.Release|Any CPU.Build.0 = Release|Any CPU
		{76366216-440A-4938-911C-6144BF9E6A98}.Debug|Any CPU.ActiveCfg = Debug|Any CPU
		{76366216-440A-4938-911C-6144BF9E6A98}.Debug|Any CPU.Build.0 = Debug|Any CPU
		{76366216-440A-4938-911C-6144BF9E6A98}.Release|Any CPU.ActiveCfg = Release|Any CPU
		{76366216-440A-4938-911C-6144BF9E6A98}.Release|Any CPU.Build.0 = Release|Any CPU
		{4B7B557D-2EAD-422A-A30C-921B63286315}.Debug|Any CPU.ActiveCfg = Debug|Any CPU
		{4B7B557D-2EAD-422A-A30C-921B63286315}.Debug|Any CPU.Build.0 = Debug|Any CPU
		{4B7B557D-2EAD-422A-A30C-921B63286315}.Release|Any CPU.ActiveCfg = Release|Any CPU
		{4B7B557D-2EAD-422A-A30C-921B63286315}.Release|Any CPU.Build.0 = Release|Any CPU
		{992DEDC6-0698-452A-BA89-D2F71E3BB4CB}.Debug|Any CPU.ActiveCfg = Debug|Any CPU
		{992DEDC6-0698-452A-BA89-D2F71E3BB4CB}.Debug|Any CPU.Build.0 = Debug|Any CPU
		{992DEDC6-0698-452A-BA89-D2F71E3BB4CB}.Release|Any CPU.ActiveCfg = Release|Any CPU
		{992DEDC6-0698-452A-BA89-D2F71E3BB4CB}.Release|Any CPU.Build.0 = Release|Any CPU
	EndGlobalSection
	GlobalSection(SolutionProperties) = preSolution
		HideSolutionNode = FALSE
	EndGlobalSection
	GlobalSection(ExtensibilityGlobals) = postSolution
		SolutionGuid = {737E73F9-C33B-4B7C-806C-DA556DFA229F}
	EndGlobalSection
EndGlobal
